// !$*UTF8*$!
{
	archiveVersion = 1;
	classes = {
	};
	objectVersion = 48;
	objects = {

/* Begin PBXBuildFile section */
		11A3AE27211FB4F6004B9477 /* AppDelegate.swift in Sources */ = {isa = PBXBuildFile; fileRef = 11A3AE26211FB4F6004B9477 /* AppDelegate.swift */; };
		11A3AE29211FB4F6004B9477 /* ViewController.swift in Sources */ = {isa = PBXBuildFile; fileRef = 11A3AE28211FB4F6004B9477 /* ViewController.swift */; };
		11A3AE2C211FB4F6004B9477 /* Main.storyboard in Resources */ = {isa = PBXBuildFile; fileRef = 11A3AE2A211FB4F6004B9477 /* Main.storyboard */; };
		11A3AE2E211FB4F6004B9477 /* Assets.xcassets in Resources */ = {isa = PBXBuildFile; fileRef = 11A3AE2D211FB4F6004B9477 /* Assets.xcassets */; };
		11A3AE31211FB4F6004B9477 /* LaunchScreen.storyboard in Resources */ = {isa = PBXBuildFile; fileRef = 11A3AE2F211FB4F6004B9477 /* LaunchScreen.storyboard */; };
		11A3AE3C211FC091004B9477 /* PollingCell.swift in Sources */ = {isa = PBXBuildFile; fileRef = 11A3AE3A211FC091004B9477 /* PollingCell.swift */; };
		11A3AE3D211FC091004B9477 /* PollingCell.xib in Resources */ = {isa = PBXBuildFile; fileRef = 11A3AE3B211FC091004B9477 /* PollingCell.xib */; };
/* End PBXBuildFile section */

/* Begin PBXFileReference section */
		11A3AE23211FB4F6004B9477 /* Testing Nested Table.app */ = {isa = PBXFileReference; explicitFileType = wrapper.application; includeInIndex = 0; path = "Testing Nested Table.app"; sourceTree = BUILT_PRODUCTS_DIR; };
		11A3AE26211FB4F6004B9477 /* AppDelegate.swift */ = {isa = PBXFileReference; lastKnownFileType = sourcecode.swift; path = AppDelegate.swift; sourceTree = "<group>"; };
		11A3AE28211FB4F6004B9477 /* ViewController.swift */ = {isa = PBXFileReference; lastKnownFileType = sourcecode.swift; path = ViewController.swift; sourceTree = "<group>"; };
		11A3AE2B211FB4F6004B9477 /* Base */ = {isa = PBXFileReference; lastKnownFileType = file.storyboard; name = Base; path = Base.lproj/Main.storyboard; sourceTree = "<group>"; };
		11A3AE2D211FB4F6004B9477 /* Assets.xcassets */ = {isa = PBXFileReference; lastKnownFileType = folder.assetcatalog; path = Assets.xcassets; sourceTree = "<group>"; };
		11A3AE30211FB4F6004B9477 /* Base */ = {isa = PBXFileReference; lastKnownFileType = file.storyboard; name = Base; path = Base.lproj/LaunchScreen.storyboard; sourceTree = "<group>"; };
		11A3AE32211FB4F6004B9477 /* Info.plist */ = {isa = PBXFileReference; lastKnownFileType = text.plist.xml; path = Info.plist; sourceTree = "<group>"; };
		11A3AE3A211FC091004B9477 /* PollingCell.swift */ = {isa = PBXFileReference; lastKnownFileType = sourcecode.swift; path = PollingCell.swift; sourceTree = "<group>"; };
		11A3AE3B211FC091004B9477 /* PollingCell.xib */ = {isa = PBXFileReference; lastKnownFileType = file.xib; path = PollingCell.xib; sourceTree = "<group>"; };
/* End PBXFileReference section */

/* Begin PBXFrameworksBuildPhase section */
		11A3AE20211FB4F6004B9477 /* Frameworks */ = {
			isa = PBXFrameworksBuildPhase;
			buildActionMask = 2147483647;
			files = (
			);
			runOnlyForDeploymentPostprocessing = 0;
		};
/* End PBXFrameworksBuildPhase section */

/* Begin PBXGroup section */
		11A3AE1A211FB4F6004B9477 = {
			isa = PBXGroup;
			children = (
				11A3AE25211FB4F6004B9477 /* Testing Nested Table */,
				11A3AE24211FB4F6004B9477 /* Products */,
			);
			sourceTree = "<group>";
		};
		11A3AE24211FB4F6004B9477 /* Products */ = {
			isa = PBXGroup;
			children = (
				11A3AE23211FB4F6004B9477 /* Testing Nested Table.app */,
			);
			name = Products;
			sourceTree = "<group>";
		};
		11A3AE25211FB4F6004B9477 /* Testing Nested Table */ = {
			isa = PBXGroup;
			children = (
				11A3AE26211FB4F6004B9477 /* AppDelegate.swift */,
				11A3AE28211FB4F6004B9477 /* ViewController.swift */,
				11A3AE2A211FB4F6004B9477 /* Main.storyboard */,
				11A3AE2D211FB4F6004B9477 /* Assets.xcassets */,
				11A3AE2F211FB4F6004B9477 /* LaunchScreen.storyboard */,
				11A3AE32211FB4F6004B9477 /* Info.plist */,
				11A3AE3A211FC091004B9477 /* PollingCell.swift */,
				11A3AE3B211FC091004B9477 /* PollingCell.xib */,
			);
			path = "Testing Nested Table";
			sourceTree = "<group>";
		};
/* End PBXGroup section */

/* Begin PBXNativeTarget section */
		11A3AE22211FB4F6004B9477 /* Testing Nested Table */ = {
			isa = PBXNativeTarget;
			buildConfigurationList = 11A3AE35211FB4F6004B9477 /* Build configuration list for PBXNativeTarget "Testing Nested Table" */;
			buildPhases = (
				11A3AE1F211FB4F6004B9477 /* Sources */,
				11A3AE20211FB4F6004B9477 /* Frameworks */,
				11A3AE21211FB4F6004B9477 /* Resources */,
			);
			buildRules = (
			);
			dependencies = (
			);
			name = "Testing Nested Table";
			productName = "Testing Nested Table";
			productReference = 11A3AE23211FB4F6004B9477 /* Testing Nested Table.app */;
			productType = "com.apple.product-type.application";
		};
/* End PBXNativeTarget section */

/* Begin PBXProject section */
		11A3AE1B211FB4F6004B9477 /* Project object */ = {
			isa = PBXProject;
			attributes = {
				LastSwiftUpdateCheck = 0920;
				LastUpgradeCheck = 0920;
				ORGANIZATIONNAME = amsibsam;
				TargetAttributes = {
					11A3AE22211FB4F6004B9477 = {
						CreatedOnToolsVersion = 9.2;
						ProvisioningStyle = Automatic;
					};
				};
			};
			buildConfigurationList = 11A3AE1E211FB4F6004B9477 /* Build configuration list for PBXProject "Testing Nested Table" */;
			compatibilityVersion = "Xcode 8.0";
			developmentRegion = en;
			hasScannedForEncodings = 0;
			knownRegions = (
				en,
				Base,
			);
			mainGroup = 11A3AE1A211FB4F6004B9477;
			productRefGroup = 11A3AE24211FB4F6004B9477 /* Products */;
			projectDirPath = "";
			projectRoot = "";
			targets = (
				11A3AE22211FB4F6004B9477 /* Testing Nested Table */,
			);
		};
/* End PBXProject section */

/* Begin PBXResourcesBuildPhase section */
		11A3AE21211FB4F6004B9477 /* Resources */ = {
			isa = PBXResourcesBuildPhase;
			buildActionMask = 2147483647;
			files = (
				11A3AE31211FB4F6004B9477 /* LaunchScreen.storyboard in Resources */,
				11A3AE3D211FC091004B9477 /* PollingCell.xib in Resources */,
				11A3AE2E211FB4F6004B9477 /* Assets.xcassets in Resources */,
				11A3AE2C211FB4F6004B9477 /* Main.storyboard in Resources */,
			);
			runOnlyForDeploymentPostprocessing = 0;
		};
/* End PBXResourcesBuildPhase section */

/* Begin PBXSourcesBuildPhase section */
		11A3AE1F211FB4F6004B9477 /* Sources */ = {
			isa = PBXSourcesBuildPhase;
			buildActionMask = 2147483647;
			files = (
				11A3AE29211FB4F6004B9477 /* ViewController.swift in Sources */,
				11A3AE3C211FC091004B9477 /* PollingCell.swift in Sources */,
				11A3AE27211FB4F6004B9477 /* AppDelegate.swift in Sources */,
			);
			runOnlyForDeploymentPostprocessing = 0;
		};
/* End PBXSourcesBuildPhase section */

/* Begin PBXVariantGroup section */
		11A3AE2A211FB4F6004B9477 /* Main.storyboard */ = {
			isa = PBXVariantGroup;
			children = (
				11A3AE2B211FB4F6004B9477 /* Base */,
			);
			name = Main.storyboard;
			sourceTree = "<group>";
		};
		11A3AE2F211FB4F6004B9477 /* LaunchScreen.storyboard */ = {
			isa = PBXVariantGroup;
			children = (
				11A3AE30211FB4F6004B9477 /* Base */,
			);
			name = LaunchScreen.storyboard;
			sourceTree = "<group>";
		};
/* End PBXVariantGroup section */

/* Begin XCBuildConfiguration section */
		11A3AE33211FB4F6004B9477 /* Debug */ = {
			isa = XCBuildConfiguration;
			buildSettings = {
				ALWAYS_SEARCH_USER_PATHS = NO;
				CLANG_ANALYZER_NONNULL = YES;
				CLANG_ANALYZER_NUMBER_OBJECT_CONVERSION = YES_AGGRESSIVE;
				CLANG_CXX_LANGUAGE_STANDARD = "gnu++14";
				CLANG_CXX_LIBRARY = "libc++";
				CLANG_ENABLE_MODULES = YES;
				CLANG_ENABLE_OBJC_ARC = YES;
				CLANG_WARN_BLOCK_CAPTURE_AUTORELEASING = YES;
				CLANG_WARN_BOOL_CONVERSION = YES;
				CLANG_WARN_COMMA = YES;
				CLANG_WARN_CONSTANT_CONVERSION = YES;
				CLANG_WARN_DIRECT_OBJC_ISA_USAGE = YES_ERROR;
				CLANG_WARN_DOCUMENTATION_COMMENTS = YES;
				CLANG_WARN_EMPTY_BODY = YES;
				CLANG_WARN_ENUM_CONVERSION = YES;
				CLANG_WARN_INFINITE_RECURSION = YES;
				CLANG_WARN_INT_CONVERSION = YES;
				CLANG_WARN_NON_LITERAL_NULL_CONVERSION = YES;
				CLANG_WARN_OBJC_LITERAL_CONVERSION = YES;
				CLANG_WARN_OBJC_ROOT_CLASS = YES_ERROR;
				CLANG_WARN_RANGE_LOOP_ANALYSIS = YES;
				CLANG_WARN_STRICT_PROTOTYPES = YES;
				CLANG_WARN_SUSPICIOUS_MOVE = YES;
				CLANG_WARN_UNGUARDED_AVAILABILITY = YES_AGGRESSIVE;
				CLANG_WARN_UNREACHABLE_CODE = YES;
				CLANG_WARN__DUPLICATE_METHOD_MATCH = YES;
				CODE_SIGN_IDENTITY = "iPhone Developer";
				COPY_PHASE_STRIP = NO;
				DEBUG_INFORMATION_FORMAT = dwarf;
				ENABLE_STRICT_OBJC_MSGSEND = YES;
				ENABLE_TESTABILITY = YES;
				GCC_C_LANGUAGE_STANDARD = gnu11;
				GCC_DYNAMIC_NO_PIC = NO;
				GCC_NO_COMMON_BLOCKS = YES;
				GCC_OPTIMIZATION_LEVEL = 0;
				GCC_PREPROCESSOR_DEFINITIONS = (
					"DEBUG=1",
					"$(inherited)",
				);
				GCC_WARN_64_TO_32_BIT_CONVERSION = YES;
				GCC_WARN_ABOUT_RETURN_TYPE = YES_ERROR;
				GCC_WARN_UNDECLARED_SELECTOR = YES;
				GCC_WARN_UNINITIALIZED_AUTOS = YES_AGGRESSIVE;
				GCC_WARN_UNUSED_FUNCTION = YES;
				GCC_WARN_UNUSED_VARIABLE = YES;
				IPHONEOS_DEPLOYMENT_TARGET = 11.2;
				MTL_ENABLE_DEBUG_INFO = YES;
				ONLY_ACTIVE_ARCH = YES;
				SDKROOT = iphoneos;
				SWIFT_ACTIVE_COMPILATION_CONDITIONS = DEBUG;
				SWIFT_OPTIMIZATION_LEVEL = "-Onone";
			};
			name = Debug;
		};
		11A3AE34211FB4F6004B9477 /* Release */ = {
			isa = XCBuildConfiguration;
			buildSettings = {
				ALWAYS_SEARCH_USER_PATHS = NO;
				CLANG_ANALYZER_NONNULL = YES;
				CLANG_ANALYZER_NUMBER_OBJECT_CONVERSION = YES_AGGRESSIVE;
				CLANG_CXX_LANGUAGE_STANDARD = "gnu++14";
				CLANG_CXX_LIBRARY = "libc++";
				CLANG_ENABLE_MODULES = YES;
				CLANG_ENABLE_OBJC_ARC = YES;
				CLANG_WARN_BLOCK_CAPTURE_AUTORELEASING = YES;
				CLANG_WARN_BOOL_CONVERSION = YES;
				CLANG_WARN_COMMA = YES;
				CLANG_WARN_CONSTANT_CONVERSION = YES;
				CLANG_WARN_DIRECT_OBJC_ISA_USAGE = YES_ERROR;
				CLANG_WARN_DOCUMENTATION_COMMENTS = YES;
				CLANG_WARN_EMPTY_BODY = YES;
				CLANG_WARN_ENUM_CONVERSION = YES;
				CLANG_WARN_INFINITE_RECURSION = YES;
				CLANG_WARN_INT_CONVERSION = YES;
				CLANG_WARN_NON_LITERAL_NULL_CONVERSION = YES;
				CLANG_WARN_OBJC_LITERAL_CONVERSION = YES;
				CLANG_WARN_OBJC_ROOT_CLASS = YES_ERROR;
				CLANG_WARN_RANGE_LOOP_ANALYSIS = YES;
				CLANG_WARN_STRICT_PROTOTYPES = YES;
				CLANG_WARN_SUSPICIOUS_MOVE = YES;
				CLANG_WARN_UNGUARDED_AVAILABILITY = YES_AGGRESSIVE;
				CLANG_WARN_UNREACHABLE_CODE = YES;
				CLANG_WARN__DUPLICATE_METHOD_MATCH = YES;
				CODE_SIGN_IDENTITY = "iPhone Developer";
				COPY_PHASE_STRIP = NO;
				DEBUG_INFORMATION_FORMAT = "dwarf-with-dsym";
				ENABLE_NS_ASSERTIONS = NO;
				ENABLE_STRICT_OBJC_MSGSEND = YES;
				GCC_C_LANGUAGE_STANDARD = gnu11;
				GCC_NO_COMMON_BLOCKS = YES;
				GCC_WARN_64_TO_32_BIT_CONVERSION = YES;
				GCC_WARN_ABOUT_RETURN_TYPE = YES_ERROR;
				GCC_WARN_UNDECLARED_SELECTOR = YES;
				GCC_WARN_UNINITIALIZED_AUTOS = YES_AGGRESSIVE;
				GCC_WARN_UNUSED_FUNCTION = YES;
				GCC_WARN_UNUSED_VARIABLE = YES;
				IPHONEOS_DEPLOYMENT_TARGET = 11.2;
				MTL_ENABLE_DEBUG_INFO = NO;
				SDKROOT = iphoneos;
				SWIFT_OPTIMIZATION_LEVEL = "-Owholemodule";
				VALIDATE_PRODUCT = YES;
			};
			name = Release;
		};
		11A3AE36211FB4F6004B9477 /* Debug */ = {
			isa = XCBuildConfiguration;
			buildSettings = {
				ASSETCATALOG_COMPILER_APPICON_NAME = AppIcon;
				CODE_SIGN_STYLE = Automatic;
				DEVELOPMENT_TEAM = 22QKGCKXRM;
				INFOPLIST_FILE = "Testing Nested Table/Info.plist";
				LD_RUNPATH_SEARCH_PATHS = "$(inherited) @executable_path/Frameworks";
				PRODUCT_BUNDLE_IDENTIFIER = "com.amsibsam.Testing-Nested-Table";
				PRODUCT_NAME = "$(TARGET_NAME)";
				SWIFT_VERSION = 4.0;
				TARGETED_DEVICE_FAMILY = "1,2";
			};
			name = Debug;
		};
		11A3AE37211FB4F6004B9477 /* Release */ = {
			isa = XCBuildConfiguration;
			buildSettings = {
				ASSETCATALOG_COMPILER_APPICON_NAME = AppIcon;
				CODE_SIGN_STYLE = Automatic;
				DEVELOPMENT_TEAM = 22QKGCKXRM;
				INFOPLIST_FILE = "Testing Nested Table/Info.plist";
				LD_RUNPATH_SEARCH_PATHS = "$(inherited) @executable_path/Frameworks";
				PRODUCT_BUNDLE_IDENTIFIER = "com.amsibsam.Testing-Nested-Table";
				PRODUCT_NAME = "$(TARGET_NAME)";
				SWIFT_VERSION = 4.0;
				TARGETED_DEVICE_FAMILY = "1,2";
			};
			name = Release;
		};
/* End XCBuildConfiguration section */

/* Begin XCConfigurationList section */
		11A3AE1E211FB4F6004B9477 /* Build configuration list for PBXProject "Testing Nested Table" */ = {
			isa = XCConfigurationList;
			buildConfigurations = (
				11A3AE33211FB4F6004B9477 /* Debug */,
				11A3AE34211FB4F6004B9477 /* Release */,
			);
			defaultConfigurationIsVisible = 0;
			defaultConfigurationName = Release;
		};
		11A3AE35211FB4F6004B9477 /* Build configuration list for PBXNativeTarget "Testing Nested Table" */ = {
			isa = XCConfigurationList;
			buildConfigurations = (
				11A3AE36211FB4F6004B9477 /* Debug */,
				11A3AE37211FB4F6004B9477 /* Release */,
			);
			defaultConfigurationIsVisible = 0;
			defaultConfigurationName = Release;
		};
/* End XCConfigurationList section */
	};
	rootObject = 11A3AE1B211FB4F6004B9477 /* Project object */;
}
